PODS:
  - AFNetworking (3.1.0):
    - AFNetworking/NSURLSession (= 3.1.0)
    - AFNetworking/Reachability (= 3.1.0)
    - AFNetworking/Security (= 3.1.0)
    - AFNetworking/Serialization (= 3.1.0)
    - AFNetworking/UIKit (= 3.1.0)
  - AFNetworking/NSURLSession (3.1.0):
    - AFNetworking/Reachability
    - AFNetworking/Security
    - AFNetworking/Serialization
  - AFNetworking/Reachability (3.1.0)
  - AFNetworking/Security (3.1.0)
  - AFNetworking/Serialization (3.1.0)
  - AFNetworking/UIKit (3.1.0):
    - AFNetworking/NSURLSession
  - MJExtension (3.0.10)

DEPENDENCIES:
  - AFNetworking (= 3.1.0)
  - MJExtension (= 3.0.10)

SPEC REPOS:
  trunk:
    - AFNetworking
    - MJExtension

SPEC CHECKSUMS:
  AFNetworking: 5e0e199f73d8626b11e79750991f5d173d1f8b67
  MJExtension: d86aacb740c87519d20e3cca55b6fa4be6cc7548

PODFILE CHECKSUM: 60e48884faa6f0050c98082250ba8d558bfa02e3

COCOAPODS: 1.8.3
