PODS:
  - AFNetworking (3.1.0):
    - AFNetworking/NSURLSession (= 3.1.0)
    - AFNetworking/Reachability (= 3.1.0)
    - AFNetworking/Security (= 3.1.0)
    - AFNetworking/Serialization (= 3.1.0)
    - AFNetworking/UIKit (= 3.1.0)
  - AFNetworking/NSURLSession (3.1.0):
    - AFNetworking/Reachability
    - AFNetworking/Security
    - AFNetworking/Serialization
  - AFNetworking/Reachability (3.1.0)
  - AFNetworking/Security (3.1.0)
  - AFNetworking/Serialization (3.1.0)
  - AFNetworking/UIKit (3.1.0):
    - AFNetworking/NSURLSession
  - Masonry (1.0.0)
  - MBProgressHUD (0.9.2)
  - MJExtension (3.0.10)
  - PPBadgeView (2.1.0)
  - SDWebImage (5.2.2):
    - SDWebImage/Core (= 5.2.2)
  - SDWebImage/Core (5.2.2)

DEPENDENCIES:
  - AFNetworking (= 3.1.0)
  - Masonry (= 1.0.0)
  - MBProgressHUD (= 0.9.2)
  - MJExtension (= 3.0.10)
  - PPBadgeView (= 2.1.0)
  - SDWebImage (~> 5.0)

SPEC REPOS:
  trunk:
    - AFNetworking
    - Masonry
    - MBProgressHUD
    - MJExtension
    - PPBadgeView
    - SDWebImage

SPEC CHECKSUMS:
  AFNetworking: 5e0e199f73d8626b11e79750991f5d173d1f8b67
  Masonry: b529bb169217897b6354d4b56b1fada6d475b13d
  MBProgressHUD: 1569cf7ace17a8bac47aabfbb8580a49690386d1
  MJExtension: d86aacb740c87519d20e3cca55b6fa4be6cc7548
  PPBadgeView: 167006b3497ebb6222942313a6b827e79791aae6
  SDWebImage: 5fcdb02cc35e05fc35791ec514b191d27189f872

PODFILE CHECKSUM: 136e46dad88e8aa954223c1bd8de9418e31008de

COCOAPODS: 1.8.3
