// !$*UTF8*$!
{
	archiveVersion = 1;
	classes = {
	};
	objectVersion = 51;
	objects = {

/* Begin PBXBuildFile section */
		04035982238EAE3300151AC2 /* GHAlibabaSpecificationSelectionBottomView.m in Sources */ = {isa = PBXBuildFile; fileRef = 04035981238EAE3300151AC2 /* GHAlibabaSpecificationSelectionBottomView.m */; };
		04035986238EAF2200151AC2 /* UIButton+Extension.m in Sources */ = {isa = PBXBuildFile; fileRef = 04035985238EAF2200151AC2 /* UIButton+Extension.m */; };
		04035989238EAF9000151AC2 /* UIImage+Extension.m in Sources */ = {isa = PBXBuildFile; fileRef = 04035988238EAF9000151AC2 /* UIImage+Extension.m */; };
		0403598D238EB35100151AC2 /* ToastTool.m in Sources */ = {isa = PBXBuildFile; fileRef = 0403598C238EB35100151AC2 /* ToastTool.m */; };
		04035992238EB38000151AC2 /* UIView+Extension.m in Sources */ = {isa = PBXBuildFile; fileRef = 04035990238EB38000151AC2 /* UIView+Extension.m */; };
		04035993238EB38000151AC2 /* NSString+Extension.m in Sources */ = {isa = PBXBuildFile; fileRef = 04035991238EB38000151AC2 /* NSString+Extension.m */; };
		0403599D238EB3BD00151AC2 /* GHAlibabaSpecificationSelectionModel.m in Sources */ = {isa = PBXBuildFile; fileRef = 04035995238EB3BD00151AC2 /* GHAlibabaSpecificationSelectionModel.m */; };
		0403599E238EB3BD00151AC2 /* GHSpecificationSelectionModel.m in Sources */ = {isa = PBXBuildFile; fileRef = 04035996238EB3BD00151AC2 /* GHSpecificationSelectionModel.m */; };
		0403599F238EB3BD00151AC2 /* GHSpecificationSelectionTitleModel.m in Sources */ = {isa = PBXBuildFile; fileRef = 04035997238EB3BD00151AC2 /* GHSpecificationSelectionTitleModel.m */; };
		040359A0238EB3BD00151AC2 /* GHSpecificationSelectionImageModel.m in Sources */ = {isa = PBXBuildFile; fileRef = 04035998238EB3BD00151AC2 /* GHSpecificationSelectionImageModel.m */; };
		040359AF238EB40000151AC2 /* GHAlibabaSpecificationSelection.m in Sources */ = {isa = PBXBuildFile; fileRef = 040359A2238EB40000151AC2 /* GHAlibabaSpecificationSelection.m */; };
		040359B0238EB40000151AC2 /* GHPopView.m in Sources */ = {isa = PBXBuildFile; fileRef = 040359A3238EB40000151AC2 /* GHPopView.m */; };
		040359B1238EB40000151AC2 /* GHScrollTitles.m in Sources */ = {isa = PBXBuildFile; fileRef = 040359A6238EB40000151AC2 /* GHScrollTitles.m */; };
		040359B2238EB40000151AC2 /* GHTableView.m in Sources */ = {isa = PBXBuildFile; fileRef = 040359A8238EB40000151AC2 /* GHTableView.m */; };
		040359B4238EB40000151AC2 /* GHAlibabaSpecificationSelectionBottomView.m in Sources */ = {isa = PBXBuildFile; fileRef = 040359AA238EB40000151AC2 /* GHAlibabaSpecificationSelectionBottomView.m */; };
		040359B5238EB40000151AC2 /* GHTextField.m in Sources */ = {isa = PBXBuildFile; fileRef = 040359AD238EB40000151AC2 /* GHTextField.m */; };
		040359BB238ED61400151AC2 /* GHAlibabaSpecificationSelectionDemo.html in Resources */ = {isa = PBXBuildFile; fileRef = 040359BA238ED61400151AC2 /* GHAlibabaSpecificationSelectionDemo.html */; };
		040FA5B623544A4E001D2877 /* AppDelegate.m in Sources */ = {isa = PBXBuildFile; fileRef = 040FA5B523544A4E001D2877 /* AppDelegate.m */; };
		040FA5BC23544A4E001D2877 /* ViewController.m in Sources */ = {isa = PBXBuildFile; fileRef = 040FA5BB23544A4E001D2877 /* ViewController.m */; };
		040FA5BF23544A4E001D2877 /* Main.storyboard in Resources */ = {isa = PBXBuildFile; fileRef = 040FA5BD23544A4E001D2877 /* Main.storyboard */; };
		040FA5C123544A4F001D2877 /* Assets.xcassets in Resources */ = {isa = PBXBuildFile; fileRef = 040FA5C023544A4F001D2877 /* Assets.xcassets */; };
		040FA5C423544A4F001D2877 /* LaunchScreen.storyboard in Resources */ = {isa = PBXBuildFile; fileRef = 040FA5C223544A4F001D2877 /* LaunchScreen.storyboard */; };
		040FA5C723544A4F001D2877 /* main.m in Sources */ = {isa = PBXBuildFile; fileRef = 040FA5C623544A4F001D2877 /* main.m */; };
		040FA62F23599B27001D2877 /* GHHTTPSessionManager.m in Sources */ = {isa = PBXBuildFile; fileRef = 040FA62E23599B27001D2877 /* GHHTTPSessionManager.m */; };
		0462804B238EA09500C4C277 /* GHTextField.m in Sources */ = {isa = PBXBuildFile; fileRef = 0462804A238EA09500C4C277 /* GHTextField.m */; };
		F2990ADB9C9CE728232AA502 /* Pods_GHAlibabaSpecificationSelectionDemo.framework in Frameworks */ = {isa = PBXBuildFile; fileRef = AFE7BDF1FC910CEB0A31B80C /* Pods_GHAlibabaSpecificationSelectionDemo.framework */; };
/* End PBXBuildFile section */

/* Begin PBXFileReference section */
		04035980238EAE3300151AC2 /* GHAlibabaSpecificationSelectionBottomView.h */ = {isa = PBXFileReference; lastKnownFileType = sourcecode.c.h; path = GHAlibabaSpecificationSelectionBottomView.h; sourceTree = "<group>"; };
		04035981238EAE3300151AC2 /* GHAlibabaSpecificationSelectionBottomView.m */ = {isa = PBXFileReference; lastKnownFileType = sourcecode.c.objc; path = GHAlibabaSpecificationSelectionBottomView.m; sourceTree = "<group>"; };
		04035984238EAF2200151AC2 /* UIButton+Extension.h */ = {isa = PBXFileReference; lastKnownFileType = sourcecode.c.h; path = "UIButton+Extension.h"; sourceTree = "<group>"; };
		04035985238EAF2200151AC2 /* UIButton+Extension.m */ = {isa = PBXFileReference; lastKnownFileType = sourcecode.c.objc; path = "UIButton+Extension.m"; sourceTree = "<group>"; };
		04035987238EAF9000151AC2 /* UIImage+Extension.h */ = {isa = PBXFileReference; lastKnownFileType = sourcecode.c.h; path = "UIImage+Extension.h"; sourceTree = "<group>"; };
		04035988238EAF9000151AC2 /* UIImage+Extension.m */ = {isa = PBXFileReference; lastKnownFileType = sourcecode.c.objc; path = "UIImage+Extension.m"; sourceTree = "<group>"; };
		0403598B238EB35100151AC2 /* ToastTool.h */ = {isa = PBXFileReference; fileEncoding = 4; lastKnownFileType = sourcecode.c.h; path = ToastTool.h; sourceTree = "<group>"; };
		0403598C238EB35100151AC2 /* ToastTool.m */ = {isa = PBXFileReference; fileEncoding = 4; lastKnownFileType = sourcecode.c.objc; path = ToastTool.m; sourceTree = "<group>"; };
		0403598E238EB38000151AC2 /* NSString+Extension.h */ = {isa = PBXFileReference; fileEncoding = 4; lastKnownFileType = sourcecode.c.h; path = "NSString+Extension.h"; sourceTree = "<group>"; };
		0403598F238EB38000151AC2 /* UIView+Extension.h */ = {isa = PBXFileReference; fileEncoding = 4; lastKnownFileType = sourcecode.c.h; path = "UIView+Extension.h"; sourceTree = "<group>"; };
		04035990238EB38000151AC2 /* UIView+Extension.m */ = {isa = PBXFileReference; fileEncoding = 4; lastKnownFileType = sourcecode.c.objc; path = "UIView+Extension.m"; sourceTree = "<group>"; };
		04035991238EB38000151AC2 /* NSString+Extension.m */ = {isa = PBXFileReference; fileEncoding = 4; lastKnownFileType = sourcecode.c.objc; path = "NSString+Extension.m"; sourceTree = "<group>"; };
		04035995238EB3BD00151AC2 /* GHAlibabaSpecificationSelectionModel.m */ = {isa = PBXFileReference; fileEncoding = 4; lastKnownFileType = sourcecode.c.objc; path = GHAlibabaSpecificationSelectionModel.m; sourceTree = "<group>"; };
		04035996238EB3BD00151AC2 /* GHSpecificationSelectionModel.m */ = {isa = PBXFileReference; fileEncoding = 4; lastKnownFileType = sourcecode.c.objc; path = GHSpecificationSelectionModel.m; sourceTree = "<group>"; };
		04035997238EB3BD00151AC2 /* GHSpecificationSelectionTitleModel.m */ = {isa = PBXFileReference; fileEncoding = 4; lastKnownFileType = sourcecode.c.objc; path = GHSpecificationSelectionTitleModel.m; sourceTree = "<group>"; };
		04035998238EB3BD00151AC2 /* GHSpecificationSelectionImageModel.m */ = {isa = PBXFileReference; fileEncoding = 4; lastKnownFileType = sourcecode.c.objc; path = GHSpecificationSelectionImageModel.m; sourceTree = "<group>"; };
		04035999238EB3BD00151AC2 /* GHAlibabaSpecificationSelectionModel.h */ = {isa = PBXFileReference; fileEncoding = 4; lastKnownFileType = sourcecode.c.h; path = GHAlibabaSpecificationSelectionModel.h; sourceTree = "<group>"; };
		0403599A238EB3BD00151AC2 /* GHSpecificationSelectionTitleModel.h */ = {isa = PBXFileReference; fileEncoding = 4; lastKnownFileType = sourcecode.c.h; path = GHSpecificationSelectionTitleModel.h; sourceTree = "<group>"; };
		0403599B238EB3BD00151AC2 /* GHSpecificationSelectionImageModel.h */ = {isa = PBXFileReference; fileEncoding = 4; lastKnownFileType = sourcecode.c.h; path = GHSpecificationSelectionImageModel.h; sourceTree = "<group>"; };
		0403599C238EB3BD00151AC2 /* GHSpecificationSelectionModel.h */ = {isa = PBXFileReference; fileEncoding = 4; lastKnownFileType = sourcecode.c.h; path = GHSpecificationSelectionModel.h; sourceTree = "<group>"; };
		040359A1238EB40000151AC2 /* GHTextField.h */ = {isa = PBXFileReference; fileEncoding = 4; lastKnownFileType = sourcecode.c.h; path = GHTextField.h; sourceTree = "<group>"; };
		040359A2238EB40000151AC2 /* GHAlibabaSpecificationSelection.m */ = {isa = PBXFileReference; fileEncoding = 4; lastKnownFileType = sourcecode.c.objc; path = GHAlibabaSpecificationSelection.m; sourceTree = "<group>"; };
		040359A3238EB40000151AC2 /* GHPopView.m */ = {isa = PBXFileReference; fileEncoding = 4; lastKnownFileType = sourcecode.c.objc; path = GHPopView.m; sourceTree = "<group>"; };
		040359A4238EB40000151AC2 /* GHTableView.h */ = {isa = PBXFileReference; fileEncoding = 4; lastKnownFileType = sourcecode.c.h; path = GHTableView.h; sourceTree = "<group>"; };
		040359A5238EB40000151AC2 /* GHAlibabaSpecificationSelectionBottomView.h */ = {isa = PBXFileReference; fileEncoding = 4; lastKnownFileType = sourcecode.c.h; path = GHAlibabaSpecificationSelectionBottomView.h; sourceTree = "<group>"; };
		040359A6238EB40000151AC2 /* GHScrollTitles.m */ = {isa = PBXFileReference; fileEncoding = 4; lastKnownFileType = sourcecode.c.objc; path = GHScrollTitles.m; sourceTree = "<group>"; };
		040359A7238EB40000151AC2 /* GHAlibabaSpecificationSelection.h */ = {isa = PBXFileReference; fileEncoding = 4; lastKnownFileType = sourcecode.c.h; path = GHAlibabaSpecificationSelection.h; sourceTree = "<group>"; };
		040359A8238EB40000151AC2 /* GHTableView.m */ = {isa = PBXFileReference; fileEncoding = 4; lastKnownFileType = sourcecode.c.objc; path = GHTableView.m; sourceTree = "<group>"; };
		040359AA238EB40000151AC2 /* GHAlibabaSpecificationSelectionBottomView.m */ = {isa = PBXFileReference; fileEncoding = 4; lastKnownFileType = sourcecode.c.objc; path = GHAlibabaSpecificationSelectionBottomView.m; sourceTree = "<group>"; };
		040359AB238EB40000151AC2 /* GHPopView.h */ = {isa = PBXFileReference; fileEncoding = 4; lastKnownFileType = sourcecode.c.h; path = GHPopView.h; sourceTree = "<group>"; };
		040359AD238EB40000151AC2 /* GHTextField.m */ = {isa = PBXFileReference; fileEncoding = 4; lastKnownFileType = sourcecode.c.objc; path = GHTextField.m; sourceTree = "<group>"; };
		040359AE238EB40000151AC2 /* GHScrollTitles.h */ = {isa = PBXFileReference; fileEncoding = 4; lastKnownFileType = sourcecode.c.h; path = GHScrollTitles.h; sourceTree = "<group>"; };
		040359BA238ED61400151AC2 /* GHAlibabaSpecificationSelectionDemo.html */ = {isa = PBXFileReference; fileEncoding = 4; lastKnownFileType = text.html; path = GHAlibabaSpecificationSelectionDemo.html; sourceTree = "<group>"; };
		040FA5B123544A4E001D2877 /* GHAlibabaSpecificationSelectionDemo.app */ = {isa = PBXFileReference; explicitFileType = wrapper.application; includeInIndex = 0; path = GHAlibabaSpecificationSelectionDemo.app; sourceTree = BUILT_PRODUCTS_DIR; };
		040FA5B423544A4E001D2877 /* AppDelegate.h */ = {isa = PBXFileReference; lastKnownFileType = sourcecode.c.h; path = AppDelegate.h; sourceTree = "<group>"; };
		040FA5B523544A4E001D2877 /* AppDelegate.m */ = {isa = PBXFileReference; lastKnownFileType = sourcecode.c.objc; path = AppDelegate.m; sourceTree = "<group>"; };
		040FA5BA23544A4E001D2877 /* ViewController.h */ = {isa = PBXFileReference; lastKnownFileType = sourcecode.c.h; path = ViewController.h; sourceTree = "<group>"; };
		040FA5BB23544A4E001D2877 /* ViewController.m */ = {isa = PBXFileReference; lastKnownFileType = sourcecode.c.objc; path = ViewController.m; sourceTree = "<group>"; };
		040FA5BE23544A4E001D2877 /* Base */ = {isa = PBXFileReference; lastKnownFileType = file.storyboard; name = Base; path = Base.lproj/Main.storyboard; sourceTree = "<group>"; };
		040FA5C023544A4F001D2877 /* Assets.xcassets */ = {isa = PBXFileReference; lastKnownFileType = folder.assetcatalog; path = Assets.xcassets; sourceTree = "<group>"; };
		040FA5C323544A4F001D2877 /* Base */ = {isa = PBXFileReference; lastKnownFileType = file.storyboard; name = Base; path = Base.lproj/LaunchScreen.storyboard; sourceTree = "<group>"; };
		040FA5C523544A4F001D2877 /* Info.plist */ = {isa = PBXFileReference; lastKnownFileType = text.plist.xml; path = Info.plist; sourceTree = "<group>"; };
		040FA5C623544A4F001D2877 /* main.m */ = {isa = PBXFileReference; lastKnownFileType = sourcecode.c.objc; path = main.m; sourceTree = "<group>"; };
		040FA62D23599B27001D2877 /* GHHTTPSessionManager.h */ = {isa = PBXFileReference; lastKnownFileType = sourcecode.c.h; path = GHHTTPSessionManager.h; sourceTree = "<group>"; };
		040FA62E23599B27001D2877 /* GHHTTPSessionManager.m */ = {isa = PBXFileReference; lastKnownFileType = sourcecode.c.objc; path = GHHTTPSessionManager.m; sourceTree = "<group>"; };
		04628044238E835200C4C277 /* PrefixHeader.pch */ = {isa = PBXFileReference; lastKnownFileType = sourcecode.c.h; path = PrefixHeader.pch; sourceTree = "<group>"; };
		04628049238EA09500C4C277 /* GHTextField.h */ = {isa = PBXFileReference; lastKnownFileType = sourcecode.c.h; path = GHTextField.h; sourceTree = "<group>"; };
		0462804A238EA09500C4C277 /* GHTextField.m */ = {isa = PBXFileReference; lastKnownFileType = sourcecode.c.objc; path = GHTextField.m; sourceTree = "<group>"; };
		1D64B2FE7F97A0941C374FA6 /* Pods-GHAlibabaSpecificationSelectionDemo.release.xcconfig */ = {isa = PBXFileReference; includeInIndex = 1; lastKnownFileType = text.xcconfig; name = "Pods-GHAlibabaSpecificationSelectionDemo.release.xcconfig"; path = "Target Support Files/Pods-GHAlibabaSpecificationSelectionDemo/Pods-GHAlibabaSpecificationSelectionDemo.release.xcconfig"; sourceTree = "<group>"; };
		AFE7BDF1FC910CEB0A31B80C /* Pods_GHAlibabaSpecificationSelectionDemo.framework */ = {isa = PBXFileReference; explicitFileType = wrapper.framework; includeInIndex = 0; path = Pods_GHAlibabaSpecificationSelectionDemo.framework; sourceTree = BUILT_PRODUCTS_DIR; };
		EF6CA08E36706B06D4CE6A26 /* Pods-GHAlibabaSpecificationSelectionDemo.debug.xcconfig */ = {isa = PBXFileReference; includeInIndex = 1; lastKnownFileType = text.xcconfig; name = "Pods-GHAlibabaSpecificationSelectionDemo.debug.xcconfig"; path = "Target Support Files/Pods-GHAlibabaSpecificationSelectionDemo/Pods-GHAlibabaSpecificationSelectionDemo.debug.xcconfig"; sourceTree = "<group>"; };
/* End PBXFileReference section */

/* Begin PBXFrameworksBuildPhase section */
		040FA5AE23544A4E001D2877 /* Frameworks */ = {
			isa = PBXFrameworksBuildPhase;
			buildActionMask = 2147483647;
			files = (
				F2990ADB9C9CE728232AA502 /* Pods_GHAlibabaSpecificationSelectionDemo.framework in Frameworks */,
			);
			runOnlyForDeploymentPostprocessing = 0;
		};
/* End PBXFrameworksBuildPhase section */

/* Begin PBXGroup section */
		04035983238EAF0A00151AC2 /* Category */ = {
			isa = PBXGroup;
			children = (
				0403598E238EB38000151AC2 /* NSString+Extension.h */,
				04035991238EB38000151AC2 /* NSString+Extension.m */,
				0403598F238EB38000151AC2 /* UIView+Extension.h */,
				04035990238EB38000151AC2 /* UIView+Extension.m */,
				04035984238EAF2200151AC2 /* UIButton+Extension.h */,
				04035985238EAF2200151AC2 /* UIButton+Extension.m */,
				04035987238EAF9000151AC2 /* UIImage+Extension.h */,
				04035988238EAF9000151AC2 /* UIImage+Extension.m */,
			);
			path = Category;
			sourceTree = "<group>";
		};
		0403598A238EB31900151AC2 /* Tool */ = {
			isa = PBXGroup;
			children = (
				0403598B238EB35100151AC2 /* ToastTool.h */,
				0403598C238EB35100151AC2 /* ToastTool.m */,
			);
			path = Tool;
			sourceTree = "<group>";
		};
		04035994238EB39D00151AC2 /* Model */ = {
			isa = PBXGroup;
			children = (
				04035999238EB3BD00151AC2 /* GHAlibabaSpecificationSelectionModel.h */,
				04035995238EB3BD00151AC2 /* GHAlibabaSpecificationSelectionModel.m */,
				0403599B238EB3BD00151AC2 /* GHSpecificationSelectionImageModel.h */,
				04035998238EB3BD00151AC2 /* GHSpecificationSelectionImageModel.m */,
				0403599C238EB3BD00151AC2 /* GHSpecificationSelectionModel.h */,
				04035996238EB3BD00151AC2 /* GHSpecificationSelectionModel.m */,
				0403599A238EB3BD00151AC2 /* GHSpecificationSelectionTitleModel.h */,
				04035997238EB3BD00151AC2 /* GHSpecificationSelectionTitleModel.m */,
			);
			path = Model;
			sourceTree = "<group>";
		};
		040FA5A823544A4E001D2877 = {
			isa = PBXGroup;
			children = (
				040FA5B323544A4E001D2877 /* GHAlibabaSpecificationSelectionDemo */,
				040FA5B223544A4E001D2877 /* Products */,
				B4F0B1F47559439ADCD9416E /* Pods */,
				512CDB4D147EE6F6F97CADBE /* Frameworks */,
			);
			sourceTree = "<group>";
		};
		040FA5B223544A4E001D2877 /* Products */ = {
			isa = PBXGroup;
			children = (
				040FA5B123544A4E001D2877 /* GHAlibabaSpecificationSelectionDemo.app */,
			);
			name = Products;
			sourceTree = "<group>";
		};
		040FA5B323544A4E001D2877 /* GHAlibabaSpecificationSelectionDemo */ = {
			isa = PBXGroup;
			children = (
				040FA5CD23544A61001D2877 /* GHAlibabaSpecificationSelection */,
				040FA5B423544A4E001D2877 /* AppDelegate.h */,
				040FA5B523544A4E001D2877 /* AppDelegate.m */,
				040FA5BA23544A4E001D2877 /* ViewController.h */,
				040FA5BB23544A4E001D2877 /* ViewController.m */,
				040FA5BD23544A4E001D2877 /* Main.storyboard */,
				040FA62D23599B27001D2877 /* GHHTTPSessionManager.h */,
				040FA62E23599B27001D2877 /* GHHTTPSessionManager.m */,
				040359BA238ED61400151AC2 /* GHAlibabaSpecificationSelectionDemo.html */,
				04628044238E835200C4C277 /* PrefixHeader.pch */,
				040FA5C023544A4F001D2877 /* Assets.xcassets */,
				040FA5C223544A4F001D2877 /* LaunchScreen.storyboard */,
				040FA5C523544A4F001D2877 /* Info.plist */,
				040FA5C623544A4F001D2877 /* main.m */,
			);
			path = GHAlibabaSpecificationSelectionDemo;
			sourceTree = "<group>";
		};
		040FA5CD23544A61001D2877 /* GHAlibabaSpecificationSelection */ = {
			isa = PBXGroup;
			children = (
				04035994238EB39D00151AC2 /* Model */,
				0403598A238EB31900151AC2 /* Tool */,
				04035983238EAF0A00151AC2 /* Category */,
				04628048238EA08000C4C277 /* View */,
			);
			path = GHAlibabaSpecificationSelection;
			sourceTree = "<group>";
		};
		04628048238EA08000C4C277 /* View */ = {
			isa = PBXGroup;
			children = (
				040359A7238EB40000151AC2 /* GHAlibabaSpecificationSelection.h */,
				040359A2238EB40000151AC2 /* GHAlibabaSpecificationSelection.m */,
				040359A5238EB40000151AC2 /* GHAlibabaSpecificationSelectionBottomView.h */,
				040359AA238EB40000151AC2 /* GHAlibabaSpecificationSelectionBottomView.m */,
				040359AB238EB40000151AC2 /* GHPopView.h */,
				040359A3238EB40000151AC2 /* GHPopView.m */,
				040359AE238EB40000151AC2 /* GHScrollTitles.h */,
				040359A6238EB40000151AC2 /* GHScrollTitles.m */,
				040359A4238EB40000151AC2 /* GHTableView.h */,
				040359A8238EB40000151AC2 /* GHTableView.m */,
				040359A1238EB40000151AC2 /* GHTextField.h */,
				040359AD238EB40000151AC2 /* GHTextField.m */,
				04628049238EA09500C4C277 /* GHTextField.h */,
				0462804A238EA09500C4C277 /* GHTextField.m */,
				04035980238EAE3300151AC2 /* GHAlibabaSpecificationSelectionBottomView.h */,
				04035981238EAE3300151AC2 /* GHAlibabaSpecificationSelectionBottomView.m */,
			);
			path = View;
			sourceTree = "<group>";
		};
		512CDB4D147EE6F6F97CADBE /* Frameworks */ = {
			isa = PBXGroup;
			children = (
				AFE7BDF1FC910CEB0A31B80C /* Pods_GHAlibabaSpecificationSelectionDemo.framework */,
			);
			name = Frameworks;
			sourceTree = "<group>";
		};
		B4F0B1F47559439ADCD9416E /* Pods */ = {
			isa = PBXGroup;
			children = (
				EF6CA08E36706B06D4CE6A26 /* Pods-GHAlibabaSpecificationSelectionDemo.debug.xcconfig */,
				1D64B2FE7F97A0941C374FA6 /* Pods-GHAlibabaSpecificationSelectionDemo.release.xcconfig */,
			);
			path = Pods;
			sourceTree = "<group>";
		};
/* End PBXGroup section */

/* Begin PBXNativeTarget section */
		040FA5B023544A4E001D2877 /* GHAlibabaSpecificationSelectionDemo */ = {
			isa = PBXNativeTarget;
			buildConfigurationList = 040FA5CA23544A4F001D2877 /* Build configuration list for PBXNativeTarget "GHAlibabaSpecificationSelectionDemo" */;
			buildPhases = (
				42E93C4C4E1CED15B8CB4857 /* [CP] Check Pods Manifest.lock */,
				040FA5AD23544A4E001D2877 /* Sources */,
				040FA5AE23544A4E001D2877 /* Frameworks */,
				040FA5AF23544A4E001D2877 /* Resources */,
				709CA1EB4814EF56DD6189A2 /* [CP] Embed Pods Frameworks */,
			);
			buildRules = (
			);
			dependencies = (
			);
			name = GHAlibabaSpecificationSelectionDemo;
			productName = GHAlibabaSpecificationSelectionDemo;
			productReference = 040FA5B123544A4E001D2877 /* GHAlibabaSpecificationSelectionDemo.app */;
			productType = "com.apple.product-type.application";
		};
/* End PBXNativeTarget section */

/* Begin PBXProject section */
		040FA5A923544A4E001D2877 /* Project object */ = {
			isa = PBXProject;
			attributes = {
				LastUpgradeCheck = 1100;
				ORGANIZATIONNAME = macBookPro;
				TargetAttributes = {
					040FA5B023544A4E001D2877 = {
						CreatedOnToolsVersion = 11.0;
					};
				};
			};
			buildConfigurationList = 040FA5AC23544A4E001D2877 /* Build configuration list for PBXProject "GHAlibabaSpecificationSelectionDemo" */;
			compatibilityVersion = "Xcode 9.3";
			developmentRegion = en;
			hasScannedForEncodings = 0;
			knownRegions = (
				en,
				Base,
			);
			mainGroup = 040FA5A823544A4E001D2877;
			productRefGroup = 040FA5B223544A4E001D2877 /* Products */;
			projectDirPath = "";
			projectRoot = "";
			targets = (
				040FA5B023544A4E001D2877 /* GHAlibabaSpecificationSelectionDemo */,
			);
		};
/* End PBXProject section */

/* Begin PBXResourcesBuildPhase section */
		040FA5AF23544A4E001D2877 /* Resources */ = {
			isa = PBXResourcesBuildPhase;
			buildActionMask = 2147483647;
			files = (
				040FA5C423544A4F001D2877 /* LaunchScreen.storyboard in Resources */,
				040FA5C123544A4F001D2877 /* Assets.xcassets in Resources */,
				040359BB238ED61400151AC2 /* GHAlibabaSpecificationSelectionDemo.html in Resources */,
				040FA5BF23544A4E001D2877 /* Main.storyboard in Resources */,
			);
			runOnlyForDeploymentPostprocessing = 0;
		};
/* End PBXResourcesBuildPhase section */

/* Begin PBXShellScriptBuildPhase section */
		42E93C4C4E1CED15B8CB4857 /* [CP] Check Pods Manifest.lock */ = {
			isa = PBXShellScriptBuildPhase;
			buildActionMask = 2147483647;
			files = (
			);
			inputFileListPaths = (
			);
			inputPaths = (
				"${PODS_PODFILE_DIR_PATH}/Podfile.lock",
				"${PODS_ROOT}/Manifest.lock",
			);
			name = "[CP] Check Pods Manifest.lock";
			outputFileListPaths = (
			);
			outputPaths = (
				"$(DERIVED_FILE_DIR)/Pods-GHAlibabaSpecificationSelectionDemo-checkManifestLockResult.txt",
			);
			runOnlyForDeploymentPostprocessing = 0;
			shellPath = /bin/sh;
			shellScript = "diff \"${PODS_PODFILE_DIR_PATH}/Podfile.lock\" \"${PODS_ROOT}/Manifest.lock\" > /dev/null\nif [ $? != 0 ] ; then\n    # print error to STDERR\n    echo \"error: The sandbox is not in sync with the Podfile.lock. Run 'pod install' or update your CocoaPods installation.\" >&2\n    exit 1\nfi\n# This output is used by Xcode 'outputs' to avoid re-running this script phase.\necho \"SUCCESS\" > \"${SCRIPT_OUTPUT_FILE_0}\"\n";
			showEnvVarsInLog = 0;
		};
		709CA1EB4814EF56DD6189A2 /* [CP] Embed Pods Frameworks */ = {
			isa = PBXShellScriptBuildPhase;
			buildActionMask = 2147483647;
			files = (
			);
			inputFileListPaths = (
				"${PODS_ROOT}/Target Support Files/Pods-GHAlibabaSpecificationSelectionDemo/Pods-GHAlibabaSpecificationSelectionDemo-frameworks-${CONFIGURATION}-input-files.xcfilelist",
			);
			name = "[CP] Embed Pods Frameworks";
			outputFileListPaths = (
				"${PODS_ROOT}/Target Support Files/Pods-GHAlibabaSpecificationSelectionDemo/Pods-GHAlibabaSpecificationSelectionDemo-frameworks-${CONFIGURATION}-output-files.xcfilelist",
			);
			runOnlyForDeploymentPostprocessing = 0;
			shellPath = /bin/sh;
			shellScript = "\"${PODS_ROOT}/Target Support Files/Pods-GHAlibabaSpecificationSelectionDemo/Pods-GHAlibabaSpecificationSelectionDemo-frameworks.sh\"\n";
			showEnvVarsInLog = 0;
		};
/* End PBXShellScriptBuildPhase section */

/* Begin PBXSourcesBuildPhase section */
		040FA5AD23544A4E001D2877 /* Sources */ = {
			isa = PBXSourcesBuildPhase;
			buildActionMask = 2147483647;
			files = (
				0403599F238EB3BD00151AC2 /* GHSpecificationSelectionTitleModel.m in Sources */,
				040359B0238EB40000151AC2 /* GHPopView.m in Sources */,
				04035986238EAF2200151AC2 /* UIButton+Extension.m in Sources */,
				040FA5BC23544A4E001D2877 /* ViewController.m in Sources */,
				0403599D238EB3BD00151AC2 /* GHAlibabaSpecificationSelectionModel.m in Sources */,
				040359A0238EB3BD00151AC2 /* GHSpecificationSelectionImageModel.m in Sources */,
				040359B4238EB40000151AC2 /* GHAlibabaSpecificationSelectionBottomView.m in Sources */,
				0462804B238EA09500C4C277 /* GHTextField.m in Sources */,
				040359AF238EB40000151AC2 /* GHAlibabaSpecificationSelection.m in Sources */,
				04035992238EB38000151AC2 /* UIView+Extension.m in Sources */,
				040FA5B623544A4E001D2877 /* AppDelegate.m in Sources */,
				0403598D238EB35100151AC2 /* ToastTool.m in Sources */,
				04035993238EB38000151AC2 /* NSString+Extension.m in Sources */,
				04035982238EAE3300151AC2 /* GHAlibabaSpecificationSelectionBottomView.m in Sources */,
				0403599E238EB3BD00151AC2 /* GHSpecificationSelectionModel.m in Sources */,
				040359B1238EB40000151AC2 /* GHScrollTitles.m in Sources */,
				04035989238EAF9000151AC2 /* UIImage+Extension.m in Sources */,
				040FA5C723544A4F001D2877 /* main.m in Sources */,
				040FA62F23599B27001D2877 /* GHHTTPSessionManager.m in Sources */,
				040359B5238EB40000151AC2 /* GHTextField.m in Sources */,
				040359B2238EB40000151AC2 /* GHTableView.m in Sources */,
			);
			runOnlyForDeploymentPostprocessing = 0;
		};
/* End PBXSourcesBuildPhase section */

/* Begin PBXVariantGroup section */
		040FA5BD23544A4E001D2877 /* Main.storyboard */ = {
			isa = PBXVariantGroup;
			children = (
				040FA5BE23544A4E001D2877 /* Base */,
			);
			name = Main.storyboard;
			sourceTree = "<group>";
		};
		040FA5C223544A4F001D2877 /* LaunchScreen.storyboard */ = {
			isa = PBXVariantGroup;
			children = (
				040FA5C323544A4F001D2877 /* Base */,
			);
			name = LaunchScreen.storyboard;
			sourceTree = "<group>";
		};
/* End PBXVariantGroup section */

/* Begin XCBuildConfiguration section */
		040FA5C823544A4F001D2877 /* Debug */ = {
			isa = XCBuildConfiguration;
			buildSettings = {
				ALWAYS_SEARCH_USER_PATHS = NO;
				CLANG_ANALYZER_NONNULL = YES;
				CLANG_ANALYZER_NUMBER_OBJECT_CONVERSION = YES_AGGRESSIVE;
				CLANG_CXX_LANGUAGE_STANDARD = "gnu++14";
				CLANG_CXX_LIBRARY = "libc++";
				CLANG_ENABLE_MODULES = YES;
				CLANG_ENABLE_OBJC_ARC = YES;
				CLANG_ENABLE_OBJC_WEAK = YES;
				CLANG_WARN_BLOCK_CAPTURE_AUTORELEASING = YES;
				CLANG_WARN_BOOL_CONVERSION = YES;
				CLANG_WARN_COMMA = YES;
				CLANG_WARN_CONSTANT_CONVERSION = YES;
				CLANG_WARN_DEPRECATED_OBJC_IMPLEMENTATIONS = YES;
				CLANG_WARN_DIRECT_OBJC_ISA_USAGE = YES_ERROR;
				CLANG_WARN_DOCUMENTATION_COMMENTS = YES;
				CLANG_WARN_EMPTY_BODY = YES;
				CLANG_WARN_ENUM_CONVERSION = YES;
				CLANG_WARN_INFINITE_RECURSION = YES;
				CLANG_WARN_INT_CONVERSION = YES;
				CLANG_WARN_NON_LITERAL_NULL_CONVERSION = YES;
				CLANG_WARN_OBJC_IMPLICIT_RETAIN_SELF = YES;
				CLANG_WARN_OBJC_LITERAL_CONVERSION = YES;
				CLANG_WARN_OBJC_ROOT_CLASS = YES_ERROR;
				CLANG_WARN_RANGE_LOOP_ANALYSIS = YES;
				CLANG_WARN_STRICT_PROTOTYPES = YES;
				CLANG_WARN_SUSPICIOUS_MOVE = YES;
				CLANG_WARN_UNGUARDED_AVAILABILITY = YES_AGGRESSIVE;
				CLANG_WARN_UNREACHABLE_CODE = YES;
				CLANG_WARN__DUPLICATE_METHOD_MATCH = YES;
				COPY_PHASE_STRIP = NO;
				DEBUG_INFORMATION_FORMAT = dwarf;
				ENABLE_STRICT_OBJC_MSGSEND = YES;
				ENABLE_TESTABILITY = YES;
				GCC_C_LANGUAGE_STANDARD = gnu11;
				GCC_DYNAMIC_NO_PIC = NO;
				GCC_NO_COMMON_BLOCKS = YES;
				GCC_OPTIMIZATION_LEVEL = 0;
				GCC_PREPROCESSOR_DEFINITIONS = (
					"DEBUG=1",
					"$(inherited)",
				);
				GCC_WARN_64_TO_32_BIT_CONVERSION = YES;
				GCC_WARN_ABOUT_RETURN_TYPE = YES_ERROR;
				GCC_WARN_UNDECLARED_SELECTOR = YES;
				GCC_WARN_UNINITIALIZED_AUTOS = YES_AGGRESSIVE;
				GCC_WARN_UNUSED_FUNCTION = YES;
				GCC_WARN_UNUSED_VARIABLE = YES;
				IPHONEOS_DEPLOYMENT_TARGET = 9.0;
				MTL_ENABLE_DEBUG_INFO = INCLUDE_SOURCE;
				MTL_FAST_MATH = YES;
				ONLY_ACTIVE_ARCH = YES;
				SDKROOT = iphoneos;
			};
			name = Debug;
		};
		040FA5C923544A4F001D2877 /* Release */ = {
			isa = XCBuildConfiguration;
			buildSettings = {
				ALWAYS_SEARCH_USER_PATHS = NO;
				CLANG_ANALYZER_NONNULL = YES;
				CLANG_ANALYZER_NUMBER_OBJECT_CONVERSION = YES_AGGRESSIVE;
				CLANG_CXX_LANGUAGE_STANDARD = "gnu++14";
				CLANG_CXX_LIBRARY = "libc++";
				CLANG_ENABLE_MODULES = YES;
				CLANG_ENABLE_OBJC_ARC = YES;
				CLANG_ENABLE_OBJC_WEAK = YES;
				CLANG_WARN_BLOCK_CAPTURE_AUTORELEASING = YES;
				CLANG_WARN_BOOL_CONVERSION = YES;
				CLANG_WARN_COMMA = YES;
				CLANG_WARN_CONSTANT_CONVERSION = YES;
				CLANG_WARN_DEPRECATED_OBJC_IMPLEMENTATIONS = YES;
				CLANG_WARN_DIRECT_OBJC_ISA_USAGE = YES_ERROR;
				CLANG_WARN_DOCUMENTATION_COMMENTS = YES;
				CLANG_WARN_EMPTY_BODY = YES;
				CLANG_WARN_ENUM_CONVERSION = YES;
				CLANG_WARN_INFINITE_RECURSION = YES;
				CLANG_WARN_INT_CONVERSION = YES;
				CLANG_WARN_NON_LITERAL_NULL_CONVERSION = YES;
				CLANG_WARN_OBJC_IMPLICIT_RETAIN_SELF = YES;
				CLANG_WARN_OBJC_LITERAL_CONVERSION = YES;
				CLANG_WARN_OBJC_ROOT_CLASS = YES_ERROR;
				CLANG_WARN_RANGE_LOOP_ANALYSIS = YES;
				CLANG_WARN_STRICT_PROTOTYPES = YES;
				CLANG_WARN_SUSPICIOUS_MOVE = YES;
				CLANG_WARN_UNGUARDED_AVAILABILITY = YES_AGGRESSIVE;
				CLANG_WARN_UNREACHABLE_CODE = YES;
				CLANG_WARN__DUPLICATE_METHOD_MATCH = YES;
				COPY_PHASE_STRIP = NO;
				DEBUG_INFORMATION_FORMAT = "dwarf-with-dsym";
				ENABLE_NS_ASSERTIONS = NO;
				ENABLE_STRICT_OBJC_MSGSEND = YES;
				GCC_C_LANGUAGE_STANDARD = gnu11;
				GCC_NO_COMMON_BLOCKS = YES;
				GCC_WARN_64_TO_32_BIT_CONVERSION = YES;
				GCC_WARN_ABOUT_RETURN_TYPE = YES_ERROR;
				GCC_WARN_UNDECLARED_SELECTOR = YES;
				GCC_WARN_UNINITIALIZED_AUTOS = YES_AGGRESSIVE;
				GCC_WARN_UNUSED_FUNCTION = YES;
				GCC_WARN_UNUSED_VARIABLE = YES;
				IPHONEOS_DEPLOYMENT_TARGET = 9.0;
				MTL_ENABLE_DEBUG_INFO = NO;
				MTL_FAST_MATH = YES;
				SDKROOT = iphoneos;
				VALIDATE_PRODUCT = YES;
			};
			name = Release;
		};
		040FA5CB23544A4F001D2877 /* Debug */ = {
			isa = XCBuildConfiguration;
			baseConfigurationReference = EF6CA08E36706B06D4CE6A26 /* Pods-GHAlibabaSpecificationSelectionDemo.debug.xcconfig */;
			buildSettings = {
				ASSETCATALOG_COMPILER_APPICON_NAME = AppIcon;
				CODE_SIGN_IDENTITY = "Apple Development";
				CODE_SIGN_STYLE = Automatic;
				DEVELOPMENT_TEAM = KZ9JB9ZT4S;
				GCC_PREFIX_HEADER = GHAlibabaSpecificationSelectionDemo/PrefixHeader.pch;
				INFOPLIST_FILE = GHAlibabaSpecificationSelectionDemo/Info.plist;
				LD_RUNPATH_SEARCH_PATHS = (
					"$(inherited)",
					"@executable_path/Frameworks",
				);
				PRODUCT_BUNDLE_IDENTIFIER = macBookPro.GHAlibabaSpecificationSelectionDemo;
				PRODUCT_NAME = "$(TARGET_NAME)";
				PROVISIONING_PROFILE_SPECIFIER = "";
				TARGETED_DEVICE_FAMILY = 1;
			};
			name = Debug;
		};
		040FA5CC23544A4F001D2877 /* Release */ = {
			isa = XCBuildConfiguration;
			baseConfigurationReference = 1D64B2FE7F97A0941C374FA6 /* Pods-GHAlibabaSpecificationSelectionDemo.release.xcconfig */;
			buildSettings = {
				ASSETCATALOG_COMPILER_APPICON_NAME = AppIcon;
				CODE_SIGN_IDENTITY = "Apple Development";
				CODE_SIGN_STYLE = Automatic;
				DEVELOPMENT_TEAM = KZ9JB9ZT4S;
				GCC_PREFIX_HEADER = GHAlibabaSpecificationSelectionDemo/PrefixHeader.pch;
				INFOPLIST_FILE = GHAlibabaSpecificationSelectionDemo/Info.plist;
				LD_RUNPATH_SEARCH_PATHS = (
					"$(inherited)",
					"@executable_path/Frameworks",
				);
				PRODUCT_BUNDLE_IDENTIFIER = macBookPro.GHAlibabaSpecificationSelectionDemo;
				PRODUCT_NAME = "$(TARGET_NAME)";
				PROVISIONING_PROFILE_SPECIFIER = "";
				TARGETED_DEVICE_FAMILY = 1;
			};
			name = Release;
		};
/* End XCBuildConfiguration section */

/* Begin XCConfigurationList section */
		040FA5AC23544A4E001D2877 /* Build configuration list for PBXProject "GHAlibabaSpecificationSelectionDemo" */ = {
			isa = XCConfigurationList;
			buildConfigurations = (
				040FA5C823544A4F001D2877 /* Debug */,
				040FA5C923544A4F001D2877 /* Release */,
			);
			defaultConfigurationIsVisible = 0;
			defaultConfigurationName = Release;
		};
		040FA5CA23544A4F001D2877 /* Build configuration list for PBXNativeTarget "GHAlibabaSpecificationSelectionDemo" */ = {
			isa = XCConfigurationList;
			buildConfigurations = (
				040FA5CB23544A4F001D2877 /* Debug */,
				040FA5CC23544A4F001D2877 /* Release */,
			);
			defaultConfigurationIsVisible = 0;
			defaultConfigurationName = Release;
		};
/* End XCConfigurationList section */
	};
	rootObject = 040FA5A923544A4E001D2877 /* Project object */;
}
