// !$*UTF8*$!
{
	archiveVersion = 1;
	classes = {
	};
	objectVersion = 50;
	objects = {

/* Begin PBXBuildFile section */
		040FA58A23544448001D2877 /* AppDelegate.m in Sources */ = {isa = PBXBuildFile; fileRef = 040FA58923544448001D2877 /* AppDelegate.m */; };
		040FA58D23544448001D2877 /* SceneDelegate.m in Sources */ = {isa = PBXBuildFile; fileRef = 040FA58C23544448001D2877 /* SceneDelegate.m */; };
		040FA59023544448001D2877 /* ViewController.m in Sources */ = {isa = PBXBuildFile; fileRef = 040FA58F23544448001D2877 /* ViewController.m */; };
		040FA59323544448001D2877 /* Main.storyboard in Resources */ = {isa = PBXBuildFile; fileRef = 040FA59123544448001D2877 /* Main.storyboard */; };
		040FA5952354444B001D2877 /* Assets.xcassets in Resources */ = {isa = PBXBuildFile; fileRef = 040FA5942354444B001D2877 /* Assets.xcassets */; };
		040FA5982354444B001D2877 /* LaunchScreen.storyboard in Resources */ = {isa = PBXBuildFile; fileRef = 040FA5962354444B001D2877 /* LaunchScreen.storyboard */; };
		040FA59B2354444B001D2877 /* main.m in Sources */ = {isa = PBXBuildFile; fileRef = 040FA59A2354444B001D2877 /* main.m */; };
/* End PBXBuildFile section */

/* Begin PBXFileReference section */
		040FA58523544448001D2877 /* GHAlibabaSpecificationSelectionDemo.app */ = {isa = PBXFileReference; explicitFileType = wrapper.application; includeInIndex = 0; path = GHAlibabaSpecificationSelectionDemo.app; sourceTree = BUILT_PRODUCTS_DIR; };
		040FA58823544448001D2877 /* AppDelegate.h */ = {isa = PBXFileReference; lastKnownFileType = sourcecode.c.h; path = AppDelegate.h; sourceTree = "<group>"; };
		040FA58923544448001D2877 /* AppDelegate.m */ = {isa = PBXFileReference; lastKnownFileType = sourcecode.c.objc; path = AppDelegate.m; sourceTree = "<group>"; };
		040FA58B23544448001D2877 /* SceneDelegate.h */ = {isa = PBXFileReference; lastKnownFileType = sourcecode.c.h; path = SceneDelegate.h; sourceTree = "<group>"; };
		040FA58C23544448001D2877 /* SceneDelegate.m */ = {isa = PBXFileReference; lastKnownFileType = sourcecode.c.objc; path = SceneDelegate.m; sourceTree = "<group>"; };
		040FA58E23544448001D2877 /* ViewController.h */ = {isa = PBXFileReference; lastKnownFileType = sourcecode.c.h; path = ViewController.h; sourceTree = "<group>"; };
		040FA58F23544448001D2877 /* ViewController.m */ = {isa = PBXFileReference; lastKnownFileType = sourcecode.c.objc; path = ViewController.m; sourceTree = "<group>"; };
		040FA59223544448001D2877 /* Base */ = {isa = PBXFileReference; lastKnownFileType = file.storyboard; name = Base; path = Base.lproj/Main.storyboard; sourceTree = "<group>"; };
		040FA5942354444B001D2877 /* Assets.xcassets */ = {isa = PBXFileReference; lastKnownFileType = folder.assetcatalog; path = Assets.xcassets; sourceTree = "<group>"; };
		040FA5972354444B001D2877 /* Base */ = {isa = PBXFileReference; lastKnownFileType = file.storyboard; name = Base; path = Base.lproj/LaunchScreen.storyboard; sourceTree = "<group>"; };
		040FA5992354444B001D2877 /* Info.plist */ = {isa = PBXFileReference; lastKnownFileType = text.plist.xml; path = Info.plist; sourceTree = "<group>"; };
		040FA59A2354444B001D2877 /* main.m */ = {isa = PBXFileReference; lastKnownFileType = sourcecode.c.objc; path = main.m; sourceTree = "<group>"; };
/* End PBXFileReference section */

/* Begin PBXFrameworksBuildPhase section */
		040FA58223544448001D2877 /* Frameworks */ = {
			isa = PBXFrameworksBuildPhase;
			buildActionMask = 2147483647;
			files = (
			);
			runOnlyForDeploymentPostprocessing = 0;
		};
/* End PBXFrameworksBuildPhase section */

/* Begin PBXGroup section */
		040FA57C23544448001D2877 = {
			isa = PBXGroup;
			children = (
				040FA58723544448001D2877 /* GHAlibabaSpecificationSelectionDemo */,
				040FA58623544448001D2877 /* Products */,
			);
			sourceTree = "<group>";
		};
		040FA58623544448001D2877 /* Products */ = {
			isa = PBXGroup;
			children = (
				040FA58523544448001D2877 /* GHAlibabaSpecificationSelectionDemo.app */,
			);
			name = Products;
			sourceTree = "<group>";
		};
		040FA58723544448001D2877 /* GHAlibabaSpecificationSelectionDemo */ = {
			isa = PBXGroup;
			children = (
				040FA58823544448001D2877 /* AppDelegate.h */,
				040FA58923544448001D2877 /* AppDelegate.m */,
				040FA58B23544448001D2877 /* SceneDelegate.h */,
				040FA58C23544448001D2877 /* SceneDelegate.m */,
				040FA58E23544448001D2877 /* ViewController.h */,
				040FA58F23544448001D2877 /* ViewController.m */,
				040FA59123544448001D2877 /* Main.storyboard */,
				040FA5942354444B001D2877 /* Assets.xcassets */,
				040FA5962354444B001D2877 /* LaunchScreen.storyboard */,
				040FA5992354444B001D2877 /* Info.plist */,
				040FA59A2354444B001D2877 /* main.m */,
			);
			path = GHAlibabaSpecificationSelectionDemo;
			sourceTree = "<group>";
		};
/* End PBXGroup section */

/* Begin PBXNativeTarget section */
		040FA58423544448001D2877 /* GHAlibabaSpecificationSelectionDemo */ = {
			isa = PBXNativeTarget;
			buildConfigurationList = 040FA59E2354444C001D2877 /* Build configuration list for PBXNativeTarget "GHAlibabaSpecificationSelectionDemo" */;
			buildPhases = (
				040FA58123544448001D2877 /* Sources */,
				040FA58223544448001D2877 /* Frameworks */,
				040FA58323544448001D2877 /* Resources */,
			);
			buildRules = (
			);
			dependencies = (
			);
			name = GHAlibabaSpecificationSelectionDemo;
			productName = GHAlibabaSpecificationSelectionDemo;
			productReference = 040FA58523544448001D2877 /* GHAlibabaSpecificationSelectionDemo.app */;
			productType = "com.apple.product-type.application";
		};
/* End PBXNativeTarget section */

/* Begin PBXProject section */
		040FA57D23544448001D2877 /* Project object */ = {
			isa = PBXProject;
			attributes = {
				LastUpgradeCheck = 1100;
				ORGANIZATIONNAME = macBookPro;
				TargetAttributes = {
					040FA58423544448001D2877 = {
						CreatedOnToolsVersion = 11.0;
					};
				};
			};
			buildConfigurationList = 040FA58023544448001D2877 /* Build configuration list for PBXProject "GHAlibabaSpecificationSelectionDemo" */;
			compatibilityVersion = "Xcode 9.3";
			developmentRegion = en;
			hasScannedForEncodings = 0;
			knownRegions = (
				en,
				Base,
			);
			mainGroup = 040FA57C23544448001D2877;
			productRefGroup = 040FA58623544448001D2877 /* Products */;
			projectDirPath = "";
			projectRoot = "";
			targets = (
				040FA58423544448001D2877 /* GHAlibabaSpecificationSelectionDemo */,
			);
		};
/* End PBXProject section */

/* Begin PBXResourcesBuildPhase section */
		040FA58323544448001D2877 /* Resources */ = {
			isa = PBXResourcesBuildPhase;
			buildActionMask = 2147483647;
			files = (
				040FA5982354444B001D2877 /* LaunchScreen.storyboard in Resources */,
				040FA5952354444B001D2877 /* Assets.xcassets in Resources */,
				040FA59323544448001D2877 /* Main.storyboard in Resources */,
			);
			runOnlyForDeploymentPostprocessing = 0;
		};
/* End PBXResourcesBuildPhase section */

/* Begin PBXSourcesBuildPhase section */
		040FA58123544448001D2877 /* Sources */ = {
			isa = PBXSourcesBuildPhase;
			buildActionMask = 2147483647;
			files = (
				040FA59023544448001D2877 /* ViewController.m in Sources */,
				040FA58A23544448001D2877 /* AppDelegate.m in Sources */,
				040FA59B2354444B001D2877 /* main.m in Sources */,
				040FA58D23544448001D2877 /* SceneDelegate.m in Sources */,
			);
			runOnlyForDeploymentPostprocessing = 0;
		};
/* End PBXSourcesBuildPhase section */

/* Begin PBXVariantGroup section */
		040FA59123544448001D2877 /* Main.storyboard */ = {
			isa = PBXVariantGroup;
			children = (
				040FA59223544448001D2877 /* Base */,
			);
			name = Main.storyboard;
			sourceTree = "<group>";
		};
		040FA5962354444B001D2877 /* LaunchScreen.storyboard */ = {
			isa = PBXVariantGroup;
			children = (
				040FA5972354444B001D2877 /* Base */,
			);
			name = LaunchScreen.storyboard;
			sourceTree = "<group>";
		};
/* End PBXVariantGroup section */

/* Begin XCBuildConfiguration section */
		040FA59C2354444B001D2877 /* Debug */ = {
			isa = XCBuildConfiguration;
			buildSettings = {
				ALWAYS_SEARCH_USER_PATHS = NO;
				CLANG_ANALYZER_NONNULL = YES;
				CLANG_ANALYZER_NUMBER_OBJECT_CONVERSION = YES_AGGRESSIVE;
				CLANG_CXX_LANGUAGE_STANDARD = "gnu++14";
				CLANG_CXX_LIBRARY = "libc++";
				CLANG_ENABLE_MODULES = YES;
				CLANG_ENABLE_OBJC_ARC = YES;
				CLANG_ENABLE_OBJC_WEAK = YES;
				CLANG_WARN_BLOCK_CAPTURE_AUTORELEASING = YES;
				CLANG_WARN_BOOL_CONVERSION = YES;
				CLANG_WARN_COMMA = YES;
				CLANG_WARN_CONSTANT_CONVERSION = YES;
				CLANG_WARN_DEPRECATED_OBJC_IMPLEMENTATIONS = YES;
				CLANG_WARN_DIRECT_OBJC_ISA_USAGE = YES_ERROR;
				CLANG_WARN_DOCUMENTATION_COMMENTS = YES;
				CLANG_WARN_EMPTY_BODY = YES;
				CLANG_WARN_ENUM_CONVERSION = YES;
				CLANG_WARN_INFINITE_RECURSION = YES;
				CLANG_WARN_INT_CONVERSION = YES;
				CLANG_WARN_NON_LITERAL_NULL_CONVERSION = YES;
				CLANG_WARN_OBJC_IMPLICIT_RETAIN_SELF = YES;
				CLANG_WARN_OBJC_LITERAL_CONVERSION = YES;
				CLANG_WARN_OBJC_ROOT_CLASS = YES_ERROR;
				CLANG_WARN_RANGE_LOOP_ANALYSIS = YES;
				CLANG_WARN_STRICT_PROTOTYPES = YES;
				CLANG_WARN_SUSPICIOUS_MOVE = YES;
				CLANG_WARN_UNGUARDED_AVAILABILITY = YES_AGGRESSIVE;
				CLANG_WARN_UNREACHABLE_CODE = YES;
				CLANG_WARN__DUPLICATE_METHOD_MATCH = YES;
				COPY_PHASE_STRIP = NO;
				DEBUG_INFORMATION_FORMAT = dwarf;
				ENABLE_STRICT_OBJC_MSGSEND = YES;
				ENABLE_TESTABILITY = YES;
				GCC_C_LANGUAGE_STANDARD = gnu11;
				GCC_DYNAMIC_NO_PIC = NO;
				GCC_NO_COMMON_BLOCKS = YES;
				GCC_OPTIMIZATION_LEVEL = 0;
				GCC_PREPROCESSOR_DEFINITIONS = (
					"DEBUG=1",
					"$(inherited)",
				);
				GCC_WARN_64_TO_32_BIT_CONVERSION = YES;
				GCC_WARN_ABOUT_RETURN_TYPE = YES_ERROR;
				GCC_WARN_UNDECLARED_SELECTOR = YES;
				GCC_WARN_UNINITIALIZED_AUTOS = YES_AGGRESSIVE;
				GCC_WARN_UNUSED_FUNCTION = YES;
				GCC_WARN_UNUSED_VARIABLE = YES;
				IPHONEOS_DEPLOYMENT_TARGET = 13.0;
				MTL_ENABLE_DEBUG_INFO = INCLUDE_SOURCE;
				MTL_FAST_MATH = YES;
				ONLY_ACTIVE_ARCH = YES;
				SDKROOT = iphoneos;
			};
			name = Debug;
		};
		040FA59D2354444B001D2877 /* Release */ = {
			isa = XCBuildConfiguration;
			buildSettings = {
				ALWAYS_SEARCH_USER_PATHS = NO;
				CLANG_ANALYZER_NONNULL = YES;
				CLANG_ANALYZER_NUMBER_OBJECT_CONVERSION = YES_AGGRESSIVE;
				CLANG_CXX_LANGUAGE_STANDARD = "gnu++14";
				CLANG_CXX_LIBRARY = "libc++";
				CLANG_ENABLE_MODULES = YES;
				CLANG_ENABLE_OBJC_ARC = YES;
				CLANG_ENABLE_OBJC_WEAK = YES;
				CLANG_WARN_BLOCK_CAPTURE_AUTORELEASING = YES;
				CLANG_WARN_BOOL_CONVERSION = YES;
				CLANG_WARN_COMMA = YES;
				CLANG_WARN_CONSTANT_CONVERSION = YES;
				CLANG_WARN_DEPRECATED_OBJC_IMPLEMENTATIONS = YES;
				CLANG_WARN_DIRECT_OBJC_ISA_USAGE = YES_ERROR;
				CLANG_WARN_DOCUMENTATION_COMMENTS = YES;
				CLANG_WARN_EMPTY_BODY = YES;
				CLANG_WARN_ENUM_CONVERSION = YES;
				CLANG_WARN_INFINITE_RECURSION = YES;
				CLANG_WARN_INT_CONVERSION = YES;
				CLANG_WARN_NON_LITERAL_NULL_CONVERSION = YES;
				CLANG_WARN_OBJC_IMPLICIT_RETAIN_SELF = YES;
				CLANG_WARN_OBJC_LITERAL_CONVERSION = YES;
				CLANG_WARN_OBJC_ROOT_CLASS = YES_ERROR;
				CLANG_WARN_RANGE_LOOP_ANALYSIS = YES;
				CLANG_WARN_STRICT_PROTOTYPES = YES;
				CLANG_WARN_SUSPICIOUS_MOVE = YES;
				CLANG_WARN_UNGUARDED_AVAILABILITY = YES_AGGRESSIVE;
				CLANG_WARN_UNREACHABLE_CODE = YES;
				CLANG_WARN__DUPLICATE_METHOD_MATCH = YES;
				COPY_PHASE_STRIP = NO;
				DEBUG_INFORMATION_FORMAT = "dwarf-with-dsym";
				ENABLE_NS_ASSERTIONS = NO;
				ENABLE_STRICT_OBJC_MSGSEND = YES;
				GCC_C_LANGUAGE_STANDARD = gnu11;
				GCC_NO_COMMON_BLOCKS = YES;
				GCC_WARN_64_TO_32_BIT_CONVERSION = YES;
				GCC_WARN_ABOUT_RETURN_TYPE = YES_ERROR;
				GCC_WARN_UNDECLARED_SELECTOR = YES;
				GCC_WARN_UNINITIALIZED_AUTOS = YES_AGGRESSIVE;
				GCC_WARN_UNUSED_FUNCTION = YES;
				GCC_WARN_UNUSED_VARIABLE = YES;
				IPHONEOS_DEPLOYMENT_TARGET = 13.0;
				MTL_ENABLE_DEBUG_INFO = NO;
				MTL_FAST_MATH = YES;
				SDKROOT = iphoneos;
				VALIDATE_PRODUCT = YES;
			};
			name = Release;
		};
		040FA59F2354444C001D2877 /* Debug */ = {
			isa = XCBuildConfiguration;
			buildSettings = {
				ASSETCATALOG_COMPILER_APPICON_NAME = AppIcon;
				CODE_SIGN_STYLE = Automatic;
				INFOPLIST_FILE = GHAlibabaSpecificationSelectionDemo/Info.plist;
				LD_RUNPATH_SEARCH_PATHS = (
					"$(inherited)",
					"@executable_path/Frameworks",
				);
				PRODUCT_BUNDLE_IDENTIFIER = macBookPro.GHAlibabaSpecificationSelectionDemo;
				PRODUCT_NAME = "$(TARGET_NAME)";
				TARGETED_DEVICE_FAMILY = "1,2";
			};
			name = Debug;
		};
		040FA5A02354444C001D2877 /* Release */ = {
			isa = XCBuildConfiguration;
			buildSettings = {
				ASSETCATALOG_COMPILER_APPICON_NAME = AppIcon;
				CODE_SIGN_STYLE = Automatic;
				INFOPLIST_FILE = GHAlibabaSpecificationSelectionDemo/Info.plist;
				LD_RUNPATH_SEARCH_PATHS = (
					"$(inherited)",
					"@executable_path/Frameworks",
				);
				PRODUCT_BUNDLE_IDENTIFIER = macBookPro.GHAlibabaSpecificationSelectionDemo;
				PRODUCT_NAME = "$(TARGET_NAME)";
				TARGETED_DEVICE_FAMILY = "1,2";
			};
			name = Release;
		};
/* End XCBuildConfiguration section */

/* Begin XCConfigurationList section */
		040FA58023544448001D2877 /* Build configuration list for PBXProject "GHAlibabaSpecificationSelectionDemo" */ = {
			isa = XCConfigurationList;
			buildConfigurations = (
				040FA59C2354444B001D2877 /* Debug */,
				040FA59D2354444B001D2877 /* Release */,
			);
			defaultConfigurationIsVisible = 0;
			defaultConfigurationName = Release;
		};
		040FA59E2354444C001D2877 /* Build configuration list for PBXNativeTarget "GHAlibabaSpecificationSelectionDemo" */ = {
			isa = XCConfigurationList;
			buildConfigurations = (
				040FA59F2354444C001D2877 /* Debug */,
				040FA5A02354444C001D2877 /* Release */,
			);
			defaultConfigurationIsVisible = 0;
			defaultConfigurationName = Release;
		};
/* End XCConfigurationList section */
	};
	rootObject = 040FA57D23544448001D2877 /* Project object */;
}
